
Microsoft Visual Studio Solution File, Format Version 12.00
# Visual Studio Version 17
VisualStudioVersion = 17.5.002.0
MinimumVisualStudioVersion = 10.0.40219.1
Project("{9A19103F-16F7-4668-BE54-9A1E7A4F7556}") = "sd-knowledge-check-2", "sd-knowledge-check-2.csproj", "{CA96167A-77CB-4C14-B458-8B3EBF442861}"
EndProject
Global
	GlobalSection(SolutionConfigurationPlatforms) = preSolution
		Debug|Any CPU = Debug|Any CPU
		Release|Any CPU = Release|Any CPU
	EndGlobalSection
	GlobalSection(ProjectConfigurationPlatforms) = postSolution
		{CA96167A-77CB-4C14-B458-8B3EBF442861}.Debug|Any CPU.ActiveCfg = Debug|Any CPU
		{CA96167A-77CB-4C14-B458-8B3EBF442861}.Debug|Any CPU.Build.0 = Debug|Any CPU
		{CA96167A-77CB-4C14-B458-8B3EBF442861}.Release|Any CPU.ActiveCfg = Release|Any CPU
		{CA96167A-77CB-4C14-B458-8B3EBF442861}.Release|Any CPU.Build.0 = Release|Any CPU
	EndGlobalSection
	GlobalSection(SolutionProperties) = preSolution
		HideSolutionNode = FALSE
	EndGlobalSection
	GlobalSection(ExtensibilityGlobals) = postSolution
		SolutionGuid = {0AB76201-F849-456E-9371-F4F3F1D7D163}
	EndGlobalSection
EndGlobal
